# THIS IS AN AUTOGENERATED FILE. DO NOT EDIT THIS FILE DIRECTLY.
# yarn lockfile v1


"@hookform/resolvers@^3.3.4":
  version "3.3.4"
  resolved "https://registry.yarnpkg.com/@hookform/resolvers/-/resolvers-3.3.4.tgz#de9b668c2835eb06892290192de6e2a5c906229b"
  integrity sha512-o5cgpGOuJYrd+iMKvkttOclgwRW86EsWJZZRC23prf0uU2i48Htq4PuT73AVb9ionFyZrwYEITuOFGF+BydEtQ==

zod@^3.22.4:
  version "3.22.4"
  resolved "https://registry.yarnpkg.com/zod/-/zod-3.22.4.tgz#f31c3a9386f61b1f228af56faa9255e845cf3fff"
  integrity sha512-iC+8Io04lddc+mVqQ9AZ7OQ2MrUKGN+oIQyq1vemgt46jwCwLfhq7/pwnBnNXXXZb8VTVLKwp9EDkx+ryxIWmg==
